
Microsoft Visual Studio Solution File, Format Version 12.00
# Visual Studio Version 16
VisualStudioVersion = 16.0.33529.622
MinimumVisualStudioVersion = 10.0.40219.1
Project("{FAE04EC0-301F-11D3-BF4B-00C04F79EFBC}") = "AUTOREBAR", "AUTOREBAR.csproj", "{096E0A7B-725E-4523-9938-5E19E8046A72}"
EndProject
Global
	GlobalSection(SolutionConfigurationPlatforms) = preSolution
		Debug|Any CPU = Debug|Any CPU
		Release|Any CPU = Release|Any CPU
	EndGlobalSection
	GlobalSection(ProjectConfigurationPlatforms) = postSolution
		{096E0A7B-725E-4523-9938-5E19E8046A72}.Debug|Any CPU.ActiveCfg = Debug|Any CPU
		{096E0A7B-725E-4523-9938-5E19E8046A72}.Debug|Any CPU.Build.0 = Debug|Any CPU
		{096E0A7B-725E-4523-9938-5E19E8046A72}.Release|Any CPU.ActiveCfg = Release|Any CPU
		{096E0A7B-725E-4523-9938-5E19E8046A72}.Release|Any CPU.Build.0 = Release|Any CPU
	EndGlobalSection
	GlobalSection(SolutionProperties) = preSolution
		HideSolutionNode = FALSE
	EndGlobalSection
	GlobalSection(ExtensibilityGlobals) = postSolution
		SolutionGuid = {957FED51-1843-4A19-AD7B-8A96250D6498}
	EndGlobalSection
EndGlobal
